
Microsoft Visual Studio Solution File, Format Version 12.00
# Visual Studio Version 17
VisualStudioVersion = 17.0.31919.166
MinimumVisualStudioVersion = 10.0.40219.1
Project("{FAE04EC0-301F-11D3-BF4B-00C04F79EFBC}") = "Rubik's Cube", "Rubik's Cube\Rubik's Cube.csproj", "{BF262C41-5E51-42B6-8789-4AFA6521A870}"
EndProject
Global
	GlobalSection(SolutionConfigurationPlatforms) = preSolution
		Debug|Any CPU = Debug|Any CPU
		Release|Any CPU = Release|Any CPU
	EndGlobalSection
	GlobalSection(ProjectConfigurationPlatforms) = postSolution
		{BF262C41-5E51-42B6-8789-4AFA6521A870}.Debug|Any CPU.ActiveCfg = Debug|Any CPU
		{BF262C41-5E51-42B6-8789-4AFA6521A870}.Debug|Any CPU.Build.0 = Debug|Any CPU
		{BF262C41-5E51-42B6-8789-4AFA6521A870}.Release|Any CPU.ActiveCfg = Release|Any CPU
		{BF262C41-5E51-42B6-8789-4AFA6521A870}.Release|Any CPU.Build.0 = Release|Any CPU
	EndGlobalSection
	GlobalSection(SolutionProperties) = preSolution
		HideSolutionNode = FALSE
	EndGlobalSection
	GlobalSection(ExtensibilityGlobals) = postSolution
		SolutionGuid = {08ACC74F-986F-4F65-B88D-586A71705DEF}
	EndGlobalSection
EndGlobal
